
Microsoft Visual Studio Solution File, Format Version 12.00
# Visual Studio Version 17
VisualStudioVersion = 17.4.33122.133
MinimumVisualStudioVersion = 10.0.40219.1
Project("{FAE04EC0-301F-11D3-BF4B-00C04F79EFBC}") = "CaptureScreen", "CaptureScreen\CaptureScreen.csproj", "{920C3360-53A7-44CB-8BBC-713468D6A47C}"
EndProject
Global
	GlobalSection(SolutionConfigurationPlatforms) = preSolution
		Debug|Any CPU = Debug|Any CPU
		Release|Any CPU = Release|Any CPU
	EndGlobalSection
	GlobalSection(ProjectConfigurationPlatforms) = postSolution
		{920C3360-53A7-44CB-8BBC-713468D6A47C}.Debug|Any CPU.ActiveCfg = Debug|Any CPU
		{920C3360-53A7-44CB-8BBC-713468D6A47C}.Debug|Any CPU.Build.0 = Debug|Any CPU
		{920C3360-53A7-44CB-8BBC-713468D6A47C}.Release|Any CPU.ActiveCfg = Release|Any CPU
		{920C3360-53A7-44CB-8BBC-713468D6A47C}.Release|Any CPU.Build.0 = Release|Any CPU
	EndGlobalSection
	GlobalSection(SolutionProperties) = preSolution
		HideSolutionNode = FALSE
	EndGlobalSection
	GlobalSection(ExtensibilityGlobals) = postSolution
		SolutionGuid = {1A71EDCE-FA89-4D44-B524-A1E9B65315B3}
	EndGlobalSection
EndGlobal
